
Microsoft Visual Studio Solution File, Format Version 12.00
# Visual Studio Version 16
VisualStudioVersion = 16.0.29025.244
MinimumVisualStudioVersion = 10.0.40219.1
Project("{FAE04EC0-301F-11D3-BF4B-00C04F79EFBC}") = "Mas Data Binding", "Mas Data Binding\Mas Data Binding.csproj", "{A7E2780D-6A51-4DD2-A00E-81EFE938736E}"
EndProject
Global
	GlobalSection(SolutionConfigurationPlatforms) = preSolution
		Debug|Any CPU = Debug|Any CPU
		Release|Any CPU = Release|Any CPU
	EndGlobalSection
	GlobalSection(ProjectConfigurationPlatforms) = postSolution
		{A7E2780D-6A51-4DD2-A00E-81EFE938736E}.Debug|Any CPU.ActiveCfg = Debug|Any CPU
		{A7E2780D-6A51-4DD2-A00E-81EFE938736E}.Debug|Any CPU.Build.0 = Debug|Any CPU
		{A7E2780D-6A51-4DD2-A00E-81EFE938736E}.Release|Any CPU.ActiveCfg = Release|Any CPU
		{A7E2780D-6A51-4DD2-A00E-81EFE938736E}.Release|Any CPU.Build.0 = Release|Any CPU
	EndGlobalSection
	GlobalSection(SolutionProperties) = preSolution
		HideSolutionNode = FALSE
	EndGlobalSection
	GlobalSection(ExtensibilityGlobals) = postSolution
		SolutionGuid = {5EA6DCA5-0DFB-49FD-9246-555FA8DCB64D}
	EndGlobalSection
EndGlobal
